
Microsoft Visual Studio Solution File, Format Version 12.00
# Visual Studio Version 17
VisualStudioVersion = 17.14.36408.4 d17.14
MinimumVisualStudioVersion = 10.0.40219.1
Project("{FAE04EC0-301F-11D3-BF4B-00C04F79EFBC}") = "eAgenda.WebApp", "eAgenda.WebApp\eAgenda.WebApp.csproj", "{1EBA0F40-EE34-4B4D-8D7F-21F1AEEF6BB0}"
EndProject
Project("{2150E333-8FDC-42A3-9474-1A3956D46DE8}") = "Apresentação", "Apresentação", "{02EA681E-C7D8-13C7-8484-4AC65E1B71E8}"
EndProject
Project("{2150E333-8FDC-42A3-9474-1A3956D46DE8}") = "Infraestrutura", "Infraestrutura", "{40AE662A-EC0C-4254-B84D-64ABBC75E7A6}"
EndProject
Project("{2150E333-8FDC-42A3-9474-1A3956D46DE8}") = "Domínio", "Domínio", "{2EDCDC68-D851-42B6-B6CE-1D3074226A4D}"
EndProject
Project("{FAE04EC0-301F-11D3-BF4B-00C04F79EFBC}") = "eAgenda.Infraestrutura.Orm", "eAgenda.Infraestrutura.Orm\eAgenda.Infraestrutura.Orm.csproj", "{15716C57-A836-43DF-8B24-F2DDD435CCFF}"
EndProject
Project("{FAE04EC0-301F-11D3-BF4B-00C04F79EFBC}") = "eAgenda.Dominio", "eAgenda.Dominio\eAgenda.Dominio.csproj", "{CB1291F8-E0D0-4C7A-9FA5-4671C634D375}"
EndProject
Global
	GlobalSection(SolutionConfigurationPlatforms) = preSolution
		Debug|Any CPU = Debug|Any CPU
		Release|Any CPU = Release|Any CPU
	EndGlobalSection
	GlobalSection(ProjectConfigurationPlatforms) = postSolution
		{1EBA0F40-EE34-4B4D-8D7F-21F1AEEF6BB0}.Debug|Any CPU.ActiveCfg = Debug|Any CPU
		{1EBA0F40-EE34-4B4D-8D7F-21F1AEEF6BB0}.Debug|Any CPU.Build.0 = Debug|Any CPU
		{1EBA0F40-EE34-4B4D-8D7F-21F1AEEF6BB0}.Release|Any CPU.ActiveCfg = Release|Any CPU
		{1EBA0F40-EE34-4B4D-8D7F-21F1AEEF6BB0}.Release|Any CPU.Build.0 = Release|Any CPU
		{15716C57-A836-43DF-8B24-F2DDD435CCFF}.Debug|Any CPU.ActiveCfg = Debug|Any CPU
		{15716C57-A836-43DF-8B24-F2DDD435CCFF}.Debug|Any CPU.Build.0 = Debug|Any CPU
		{15716C57-A836-43DF-8B24-F2DDD435CCFF}.Release|Any CPU.ActiveCfg = Release|Any CPU
		{15716C57-A836-43DF-8B24-F2DDD435CCFF}.Release|Any CPU.Build.0 = Release|Any CPU
		{CB1291F8-E0D0-4C7A-9FA5-4671C634D375}.Debug|Any CPU.ActiveCfg = Debug|Any CPU
		{CB1291F8-E0D0-4C7A-9FA5-4671C634D375}.Debug|Any CPU.Build.0 = Debug|Any CPU
		{CB1291F8-E0D0-4C7A-9FA5-4671C634D375}.Release|Any CPU.ActiveCfg = Release|Any CPU
		{CB1291F8-E0D0-4C7A-9FA5-4671C634D375}.Release|Any CPU.Build.0 = Release|Any CPU
	EndGlobalSection
	GlobalSection(SolutionProperties) = preSolution
		HideSolutionNode = FALSE
	EndGlobalSection
	GlobalSection(NestedProjects) = preSolution
		{1EBA0F40-EE34-4B4D-8D7F-21F1AEEF6BB0} = {02EA681E-C7D8-13C7-8484-4AC65E1B71E8}
		{15716C57-A836-43DF-8B24-F2DDD435CCFF} = {40AE662A-EC0C-4254-B84D-64ABBC75E7A6}
		{CB1291F8-E0D0-4C7A-9FA5-4671C634D375} = {2EDCDC68-D851-42B6-B6CE-1D3074226A4D}
	EndGlobalSection
	GlobalSection(ExtensibilityGlobals) = postSolution
		SolutionGuid = {06F9AC74-E28D-424B-8B17-5A314A290102}
	EndGlobalSection
EndGlobal
